
Microsoft Visual Studio Solution File, Format Version 12.00
# Visual Studio Version 16
VisualStudioVersion = 16.0.31005.135
MinimumVisualStudioVersion = 10.0.40219.1
Project("{2150E333-8FDC-42A3-9474-1A3956D46DE8}") = "Services", "Services", "{0D03A193-EA2F-4ADA-80FC-FD344D3FD5BE}"
EndProject
Project("{2150E333-8FDC-42A3-9474-1A3956D46DE8}") = "Catalog", "Catalog", "{3A814D50-D206-4CC7-B3C1-5A02A9BB8A0E}"
EndProject
Project("{9A19103F-16F7-4668-BE54-9A1E7A4F7556}") = "FreeCourse.Services.Catalog", "Services\Catalog\FreeCourse.Services.Catalog\FreeCourse.Services.Catalog.csproj", "{692F646F-9E57-475B-88A3-8ADE7CB15BE3}"
EndProject
Project("{2150E333-8FDC-42A3-9474-1A3956D46DE8}") = "Solution Items", "Solution Items", "{0451D417-449F-4B0F-9CF3-0D2EAD2AB23C}"
	ProjectSection(SolutionItems) = preProject
		Ports.txt = Ports.txt
	EndProjectSection
EndProject
Project("{2150E333-8FDC-42A3-9474-1A3956D46DE8}") = "Shared", "Shared", "{93222179-FCD4-4994-B7A1-644981D38644}"
EndProject
Project("{FAE04EC0-301F-11D3-BF4B-00C04F79EFBC}") = "FreeCourse.Shared", "Shared\FreeCourse.Shared\FreeCourse.Shared.csproj", "{FCEC9FC2-2153-4326-9D42-EF466C069B62}"
EndProject
Global
	GlobalSection(SolutionConfigurationPlatforms) = preSolution
		Debug|Any CPU = Debug|Any CPU
		Release|Any CPU = Release|Any CPU
	EndGlobalSection
	GlobalSection(ProjectConfigurationPlatforms) = postSolution
		{692F646F-9E57-475B-88A3-8ADE7CB15BE3}.Debug|Any CPU.ActiveCfg = Debug|Any CPU
		{692F646F-9E57-475B-88A3-8ADE7CB15BE3}.Debug|Any CPU.Build.0 = Debug|Any CPU
		{692F646F-9E57-475B-88A3-8ADE7CB15BE3}.Release|Any CPU.ActiveCfg = Release|Any CPU
		{692F646F-9E57-475B-88A3-8ADE7CB15BE3}.Release|Any CPU.Build.0 = Release|Any CPU
		{FCEC9FC2-2153-4326-9D42-EF466C069B62}.Debug|Any CPU.ActiveCfg = Debug|Any CPU
		{FCEC9FC2-2153-4326-9D42-EF466C069B62}.Debug|Any CPU.Build.0 = Debug|Any CPU
		{FCEC9FC2-2153-4326-9D42-EF466C069B62}.Release|Any CPU.ActiveCfg = Release|Any CPU
		{FCEC9FC2-2153-4326-9D42-EF466C069B62}.Release|Any CPU.Build.0 = Release|Any CPU
	EndGlobalSection
	GlobalSection(SolutionProperties) = preSolution
		HideSolutionNode = FALSE
	EndGlobalSection
	GlobalSection(NestedProjects) = preSolution
		{3A814D50-D206-4CC7-B3C1-5A02A9BB8A0E} = {0D03A193-EA2F-4ADA-80FC-FD344D3FD5BE}
		{692F646F-9E57-475B-88A3-8ADE7CB15BE3} = {3A814D50-D206-4CC7-B3C1-5A02A9BB8A0E}
		{FCEC9FC2-2153-4326-9D42-EF466C069B62} = {93222179-FCD4-4994-B7A1-644981D38644}
	EndGlobalSection
	GlobalSection(ExtensibilityGlobals) = postSolution
		SolutionGuid = {5576A747-36E4-420D-BD4B-BE772EDDFA4D}
	EndGlobalSection
EndGlobal
